# THIS IS AN AUTOGENERATED FILE. DO NOT EDIT THIS FILE DIRECTLY.
# yarn lockfile v1


"@datakit-dev/types@^0.0.6":
  version "0.0.6"
  resolved "https://registry.yarnpkg.com/@datakit-dev/types/-/types-0.0.6.tgz#78f9700905a8bb3ab58c25ceaa2e326bd6229fcd"
  integrity sha512-FChvxAcq71S8FQuoGsuId/fD8b8Bw3mKtH2tg0zdlHB7yMwsaHrOtZbWrn2Zh/0c7FAn62N6gWN4y7UZPvyFMg==
  dependencies:
    "@types/node" "^20.5.7"

"@types/bytes@^3.1.1":
  version "3.1.1"
  resolved "https://registry.yarnpkg.com/@types/bytes/-/bytes-3.1.1.tgz#67a876422e660dc4c10a27f3e5bcfbd5455f01d0"
  integrity sha512-lOGyCnw+2JVPKU3wIV0srU0NyALwTBJlVSx5DfMQOFuuohA8y9S8orImpuIQikZ0uIQ8gehrRjxgQC1rLRi11w==

"@types/node@^20.5.7":
  version "20.5.8"
  resolved "https://registry.yarnpkg.com/@types/node/-/node-20.5.8.tgz#fb171fd22d37ca6e2ea97fde88e6a13ee14bc327"
  integrity sha512-eajsR9aeljqNhK028VG0Wuw+OaY5LLxYmxeoXynIoE6jannr9/Ucd1LL0hSSoafk5LTYG+FfqsyGt81Q6Zkybw==

typescript@^5.2.2:
  version "5.2.2"
  resolved "https://registry.yarnpkg.com/typescript/-/typescript-5.2.2.tgz#5ebb5e5a5b75f085f22bc3f8460fba308310fa78"
  integrity sha512-mI4WrpHsbCIcwT9cF4FZvr80QUeKvsUsUvKDoR+X/7XHQH98xYD8YHZg7ANtz2GtZt/CBq2QJ0thkGJMHfqc1w==
